// !$*UTF8*$!
{
	archiveVersion = 1;
	classes = {
	};
	objectVersion = 46;
	objects = {

/* Begin PBXBuildFile section */
		C80018D91CF9406E00025072 /* main.cpp in Sources */ = {isa = PBXBuildFile; fileRef = C80018D81CF9406E00025072 /* main.cpp */; };
		C80019161CF9422D00025072 /* libRippleEngine.a in Frameworks */ = {isa = PBXBuildFile; fileRef = C80019151CF9420700025072 /* libRippleEngine.a */; };
		C8E78B371D029C2F00BE5CC7 /* Accelerate.framework in Frameworks */ = {isa = PBXBuildFile; fileRef = C8E78B361D029C2F00BE5CC7 /* Accelerate.framework */; };
/* End PBXBuildFile section */

/* Begin PBXContainerItemProxy section */
		C80019141CF9420700025072 /* PBXContainerItemProxy */ = {
			isa = PBXContainerItemProxy;
			containerPortal = C80019101CF9420700025072 /* RippleEngine.xcodeproj */;
			proxyType = 2;
			remoteGlobalIDString = C80018E81CF9410C00025072;
			remoteInfo = RippleEngine;
		};
/* End PBXContainerItemProxy section */

/* Begin PBXCopyFilesBuildPhase section */
		C80018D31CF9406E00025072 /* CopyFiles */ = {
			isa = PBXCopyFilesBuildPhase;
			buildActionMask = 2147483647;
			dstPath = /usr/share/man/man1/;
			dstSubfolderSpec = 0;
			files = (
			);
			runOnlyForDeploymentPostprocessing = 1;
		};
/* End PBXCopyFilesBuildPhase section */

/* Begin PBXFileReference section */
		C80018D51CF9406E00025072 /* Wav2Ripple */ = {isa = PBXFileReference; explicitFileType = "compiled.mach-o.executable"; includeInIndex = 0; path = Wav2Ripple; sourceTree = BUILT_PRODUCTS_DIR; };
		C80018D81CF9406E00025072 /* main.cpp */ = {isa = PBXFileReference; lastKnownFileType = sourcecode.cpp.cpp; path = main.cpp; sourceTree = "<group>"; };
		C80019101CF9420700025072 /* RippleEngine.xcodeproj */ = {isa = PBXFileReference; lastKnownFileType = "wrapper.pb-project"; name = RippleEngine.xcodeproj; path = ../RippleEngine/RippleEngine.xcodeproj; sourceTree = "<group>"; };
		C8E78B361D029C2F00BE5CC7 /* Accelerate.framework */ = {isa = PBXFileReference; lastKnownFileType = wrapper.framework; name = Accelerate.framework; path = System/Library/Frameworks/Accelerate.framework; sourceTree = SDKROOT; };
		C8E78B391D02A89600BE5CC7 /* json.hpp */ = {isa = PBXFileReference; fileEncoding = 4; lastKnownFileType = sourcecode.cpp.h; path = json.hpp; sourceTree = "<group>"; };
/* End PBXFileReference section */

/* Begin PBXFrameworksBuildPhase section */
		C80018D21CF9406E00025072 /* Frameworks */ = {
			isa = PBXFrameworksBuildPhase;
			buildActionMask = 2147483647;
			files = (
				C8E78B371D029C2F00BE5CC7 /* Accelerate.framework in Frameworks */,
				C80019161CF9422D00025072 /* libRippleEngine.a in Frameworks */,
			);
			runOnlyForDeploymentPostprocessing = 0;
		};
/* End PBXFrameworksBuildPhase section */

/* Begin PBXGroup section */
		C80018CC1CF9406E00025072 = {
			isa = PBXGroup;
			children = (
				C8E78B361D029C2F00BE5CC7 /* Accelerate.framework */,
				C80019101CF9420700025072 /* RippleEngine.xcodeproj */,
				C80018D71CF9406E00025072 /* Wav2Ripple */,
				C80018D61CF9406E00025072 /* Products */,
			);
			sourceTree = "<group>";
		};
		C80018D61CF9406E00025072 /* Products */ = {
			isa = PBXGroup;
			children = (
				C80018D51CF9406E00025072 /* Wav2Ripple */,
			);
			name = Products;
			sourceTree = "<group>";
		};
		C80018D71CF9406E00025072 /* Wav2Ripple */ = {
			isa = PBXGroup;
			children = (
				C8E78B391D02A89600BE5CC7 /* json.hpp */,
				C80018D81CF9406E00025072 /* main.cpp */,
			);
			path = Wav2Ripple;
			sourceTree = "<group>";
		};
		C80019111CF9420700025072 /* Products */ = {
			isa = PBXGroup;
			children = (
				C80019151CF9420700025072 /* libRippleEngine.a */,
			);
			name = Products;
			sourceTree = "<group>";
		};
/* End PBXGroup section */

/* Begin PBXNativeTarget section */
		C80018D41CF9406E00025072 /* Wav2Ripple */ = {
			isa = PBXNativeTarget;
			buildConfigurationList = C80018DC1CF9406E00025072 /* Build configuration list for PBXNativeTarget "Wav2Ripple" */;
			buildPhases = (
				C80018D11CF9406E00025072 /* Sources */,
				C80018D21CF9406E00025072 /* Frameworks */,
				C80018D31CF9406E00025072 /* CopyFiles */,
			);
			buildRules = (
			);
			dependencies = (
			);
			name = Wav2Ripple;
			productName = Wav2Ripple;
			productReference = C80018D51CF9406E00025072 /* Wav2Ripple */;
			productType = "com.apple.product-type.tool";
		};
/* End PBXNativeTarget section */

/* Begin PBXProject section */
		C80018CD1CF9406E00025072 /* Project object */ = {
			isa = PBXProject;
			attributes = {
				LastUpgradeCheck = 0730;
				ORGANIZATIONNAME = Ripple;
				TargetAttributes = {
					C80018D41CF9406E00025072 = {
						CreatedOnToolsVersion = 7.3;
					};
				};
			};
			buildConfigurationList = C80018D01CF9406E00025072 /* Build configuration list for PBXProject "Wav2Ripple" */;
			compatibilityVersion = "Xcode 3.2";
			developmentRegion = English;
			hasScannedForEncodings = 0;
			knownRegions = (
				en,
			);
			mainGroup = C80018CC1CF9406E00025072;
			productRefGroup = C80018D61CF9406E00025072 /* Products */;
			projectDirPath = "";
			projectReferences = (
				{
					ProductGroup = C80019111CF9420700025072 /* Products */;
					ProjectRef = C80019101CF9420700025072 /* RippleEngine.xcodeproj */;
				},
			);
			projectRoot = "";
			targets = (
				C80018D41CF9406E00025072 /* Wav2Ripple */,
			);
		};
/* End PBXProject section */

/* Begin PBXReferenceProxy section */
		C80019151CF9420700025072 /* libRippleEngine.a */ = {
			isa = PBXReferenceProxy;
			fileType = archive.ar;
			path = libRippleEngine.a;
			remoteRef = C80019141CF9420700025072 /* PBXContainerItemProxy */;
			sourceTree = BUILT_PRODUCTS_DIR;
		};
/* End PBXReferenceProxy section */

/* Begin PBXSourcesBuildPhase section */
		C80018D11CF9406E00025072 /* Sources */ = {
			isa = PBXSourcesBuildPhase;
			buildActionMask = 2147483647;
			files = (
				C80018D91CF9406E00025072 /* main.cpp in Sources */,
			);
			runOnlyForDeploymentPostprocessing = 0;
		};
/* End PBXSourcesBuildPhase section */

/* Begin XCBuildConfiguration section */
		C80018DA1CF9406E00025072 /* Debug */ = {
			isa = XCBuildConfiguration;
			buildSettings = {
				ALWAYS_SEARCH_USER_PATHS = NO;
				CLANG_ANALYZER_NONNULL = YES;
				CLANG_CXX_LANGUAGE_STANDARD = "gnu++0x";
				CLANG_CXX_LIBRARY = "libc++";
				CLANG_ENABLE_MODULES = YES;
				CLANG_ENABLE_OBJC_ARC = YES;
				CLANG_WARN_BOOL_CONVERSION = YES;
				CLANG_WARN_CONSTANT_CONVERSION = YES;
				CLANG_WARN_DIRECT_OBJC_ISA_USAGE = YES_ERROR;
				CLANG_WARN_EMPTY_BODY = YES;
				CLANG_WARN_ENUM_CONVERSION = YES;
				CLANG_WARN_INT_CONVERSION = YES;
				CLANG_WARN_OBJC_ROOT_CLASS = YES_ERROR;
				CLANG_WARN_UNREACHABLE_CODE = YES;
				CLANG_WARN__DUPLICATE_METHOD_MATCH = YES;
				CODE_SIGN_IDENTITY = "-";
				COPY_PHASE_STRIP = NO;
				DEBUG_INFORMATION_FORMAT = dwarf;
				ENABLE_STRICT_OBJC_MSGSEND = YES;
				ENABLE_TESTABILITY = YES;
				GCC_C_LANGUAGE_STANDARD = gnu99;
				GCC_DYNAMIC_NO_PIC = NO;
				GCC_NO_COMMON_BLOCKS = YES;
				GCC_OPTIMIZATION_LEVEL = 0;
				GCC_PREPROCESSOR_DEFINITIONS = (
					"DEBUG=1",
					"$(inherited)",
				);
				GCC_WARN_64_TO_32_BIT_CONVERSION = YES;
				GCC_WARN_ABOUT_RETURN_TYPE = YES_ERROR;
				GCC_WARN_UNDECLARED_SELECTOR = YES;
				GCC_WARN_UNINITIALIZED_AUTOS = YES_AGGRESSIVE;
				GCC_WARN_UNUSED_FUNCTION = YES;
				GCC_WARN_UNUSED_VARIABLE = YES;
				MACOSX_DEPLOYMENT_TARGET = 10.11;
				MTL_ENABLE_DEBUG_INFO = YES;
				ONLY_ACTIVE_ARCH = YES;
				SDKROOT = macosx;
			};
			name = Debug;
		};
		C80018DB1CF9406E00025072 /* Release */ = {
			isa = XCBuildConfiguration;
			buildSettings = {
				ALWAYS_SEARCH_USER_PATHS = NO;
				CLANG_ANALYZER_NONNULL = YES;
				CLANG_CXX_LANGUAGE_STANDARD = "gnu++0x";
				CLANG_CXX_LIBRARY = "libc++";
				CLANG_ENABLE_MODULES = YES;
				CLANG_ENABLE_OBJC_ARC = YES;
				CLANG_WARN_BOOL_CONVERSION = YES;
				CLANG_WARN_CONSTANT_CONVERSION = YES;
				CLANG_WARN_DIRECT_OBJC_ISA_USAGE = YES_ERROR;
				CLANG_WARN_EMPTY_BODY = YES;
				CLANG_WARN_ENUM_CONVERSION = YES;
				CLANG_WARN_INT_CONVERSION = YES;
				CLANG_WARN_OBJC_ROOT_CLASS = YES_ERROR;
				CLANG_WARN_UNREACHABLE_CODE = YES;
				CLANG_WARN__DUPLICATE_METHOD_MATCH = YES;
				CODE_SIGN_IDENTITY = "-";
				COPY_PHASE_STRIP = NO;
				DEBUG_INFORMATION_FORMAT = "dwarf-with-dsym";
				ENABLE_NS_ASSERTIONS = NO;
				ENABLE_STRICT_OBJC_MSGSEND = YES;
				GCC_C_LANGUAGE_STANDARD = gnu99;
				GCC_NO_COMMON_BLOCKS = YES;
				GCC_WARN_64_TO_32_BIT_CONVERSION = YES;
				GCC_WARN_ABOUT_RETURN_TYPE = YES_ERROR;
				GCC_WARN_UNDECLARED_SELECTOR = YES;
				GCC_WARN_UNINITIALIZED_AUTOS = YES_AGGRESSIVE;
				GCC_WARN_UNUSED_FUNCTION = YES;
				GCC_WARN_UNUSED_VARIABLE = YES;
				MACOSX_DEPLOYMENT_TARGET = 10.11;
				MTL_ENABLE_DEBUG_INFO = NO;
				SDKROOT = macosx;
			};
			name = Release;
		};
		C80018DD1CF9406E00025072 /* Debug */ = {
			isa = XCBuildConfiguration;
			buildSettings = {
				HEADER_SEARCH_PATHS = "$(SRCROOT)/../RippleEngine/**";
				PRODUCT_NAME = "$(TARGET_NAME)";
			};
			name = Debug;
		};
		C80018DE1CF9406E00025072 /* Release */ = {
			isa = XCBuildConfiguration;
			buildSettings = {
				HEADER_SEARCH_PATHS = "$(SRCROOT)/../RippleEngine/**";
				PRODUCT_NAME = "$(TARGET_NAME)";
			};
			name = Release;
		};
/* End XCBuildConfiguration section */

/* Begin XCConfigurationList section */
		C80018D01CF9406E00025072 /* Build configuration list for PBXProject "Wav2Ripple" */ = {
			isa = XCConfigurationList;
			buildConfigurations = (
				C80018DA1CF9406E00025072 /* Debug */,
				C80018DB1CF9406E00025072 /* Release */,
			);
			defaultConfigurationIsVisible = 0;
			defaultConfigurationName = Release;
		};
		C80018DC1CF9406E00025072 /* Build configuration list for PBXNativeTarget "Wav2Ripple" */ = {
			isa = XCConfigurationList;
			buildConfigurations = (
				C80018DD1CF9406E00025072 /* Debug */,
				C80018DE1CF9406E00025072 /* Release */,
			);
			defaultConfigurationIsVisible = 0;
			defaultConfigurationName = Release;
		};
/* End XCConfigurationList section */
	};
	rootObject = C80018CD1CF9406E00025072 /* Project object */;
}
